
Microsoft Visual Studio Solution File, Format Version 12.00
# Visual Studio Version 17
VisualStudioVersion = 17.2.32519.379
MinimumVisualStudioVersion = 10.0.40219.1
Project("{FAE04EC0-301F-11D3-BF4B-00C04F79EFBC}") = "PryMoyano04092", "PryMoyano04092\PryMoyano04092.csproj", "{6DA9EA6D-1945-4DAE-8F2D-8D650AA16417}"
EndProject
Global
	GlobalSection(SolutionConfigurationPlatforms) = preSolution
		Debug|Any CPU = Debug|Any CPU
		Release|Any CPU = Release|Any CPU
	EndGlobalSection
	GlobalSection(ProjectConfigurationPlatforms) = postSolution
		{6DA9EA6D-1945-4DAE-8F2D-8D650AA16417}.Debug|Any CPU.ActiveCfg = Debug|Any CPU
		{6DA9EA6D-1945-4DAE-8F2D-8D650AA16417}.Debug|Any CPU.Build.0 = Debug|Any CPU
		{6DA9EA6D-1945-4DAE-8F2D-8D650AA16417}.Release|Any CPU.ActiveCfg = Release|Any CPU
		{6DA9EA6D-1945-4DAE-8F2D-8D650AA16417}.Release|Any CPU.Build.0 = Release|Any CPU
	EndGlobalSection
	GlobalSection(SolutionProperties) = preSolution
		HideSolutionNode = FALSE
	EndGlobalSection
	GlobalSection(ExtensibilityGlobals) = postSolution
		SolutionGuid = {331D2D41-2D80-4F06-8369-6F0870C827AF}
	EndGlobalSection
EndGlobal
